
Microsoft Visual Studio Solution File, Format Version 12.00
# Visual Studio Version 17
VisualStudioVersion = 17.8.34525.116
MinimumVisualStudioVersion = 10.0.40219.1
Project("{9A19103F-16F7-4668-BE54-9A1E7A4F7556}") = "Stepwise", "Stepwise.csproj", "{951D2CD0-9FDB-49C8-A565-BA8ECCAA4820}"
EndProject
Global
	GlobalSection(SolutionConfigurationPlatforms) = preSolution
		Debug|Any CPU = Debug|Any CPU
		Release|Any CPU = Release|Any CPU
	EndGlobalSection
	GlobalSection(ProjectConfigurationPlatforms) = postSolution
		{951D2CD0-9FDB-49C8-A565-BA8ECCAA4820}.Debug|Any CPU.ActiveCfg = Debug|Any CPU
		{951D2CD0-9FDB-49C8-A565-BA8ECCAA4820}.Debug|Any CPU.Build.0 = Debug|Any CPU
		{951D2CD0-9FDB-49C8-A565-BA8ECCAA4820}.Release|Any CPU.ActiveCfg = Release|Any CPU
		{951D2CD0-9FDB-49C8-A565-BA8ECCAA4820}.Release|Any CPU.Build.0 = Release|Any CPU
	EndGlobalSection
	GlobalSection(SolutionProperties) = preSolution
		HideSolutionNode = FALSE
	EndGlobalSection
	GlobalSection(ExtensibilityGlobals) = postSolution
		SolutionGuid = {034DB7C3-AB42-4DB8-9BD5-1197225AA0E3}
	EndGlobalSection
EndGlobal
